
Microsoft Visual Studio Solution File, Format Version 12.00
# Visual Studio Version 17
VisualStudioVersion = 17.13.35825.156 d17.13
MinimumVisualStudioVersion = 10.0.40219.1
Project("{FAE04EC0-301F-11D3-BF4B-00C04F79EFBC}") = "H3Oef1Email", "H3Oef1Email\H3Oef1Email.csproj", "{F717BA09-C569-4E99-BA2D-4106B139AA34}"
EndProject
Global
	GlobalSection(SolutionConfigurationPlatforms) = preSolution
		Debug|Any CPU = Debug|Any CPU
		Release|Any CPU = Release|Any CPU
	EndGlobalSection
	GlobalSection(ProjectConfigurationPlatforms) = postSolution
		{F717BA09-C569-4E99-BA2D-4106B139AA34}.Debug|Any CPU.ActiveCfg = Debug|Any CPU
		{F717BA09-C569-4E99-BA2D-4106B139AA34}.Debug|Any CPU.Build.0 = Debug|Any CPU
		{F717BA09-C569-4E99-BA2D-4106B139AA34}.Release|Any CPU.ActiveCfg = Release|Any CPU
		{F717BA09-C569-4E99-BA2D-4106B139AA34}.Release|Any CPU.Build.0 = Release|Any CPU
	EndGlobalSection
	GlobalSection(SolutionProperties) = preSolution
		HideSolutionNode = FALSE
	EndGlobalSection
	GlobalSection(ExtensibilityGlobals) = postSolution
		SolutionGuid = {C776ABE1-D439-4D52-8D4D-7BC375181AFA}
	EndGlobalSection
EndGlobal
